<Solution>
  <Project Path="Assembly-CSharp.csproj" />
  <Project Path="Unity.Toonshader.csproj" />
  <Project Path="Assembly-CSharp-firstpass.csproj" />
  <Project Path="Unity.Toonshader.Editor.csproj" />
  <Project Path="Assembly-CSharp-Editor.csproj" />
  <Project Path="Unity.Toonshader.EditorTests.csproj" />
</Solution>
